// !$*UTF8*$!
{
	archiveVersion = 1;
	classes = {
	};
	objectVersion = 50;
	objects = {

/* Begin PBXBuildFile section */
		338E0E47206FF78400E2DDFB /* AppDelegate.swift in Sources */ = {isa = PBXBuildFile; fileRef = 338E0E46206FF78400E2DDFB /* AppDelegate.swift */; };
		338E0E49206FF78400E2DDFB /* Scene.sks in Resources */ = {isa = PBXBuildFile; fileRef = 338E0E48206FF78400E2DDFB /* Scene.sks */; };
		338E0E4B206FF78400E2DDFB /* Scene.swift in Sources */ = {isa = PBXBuildFile; fileRef = 338E0E4A206FF78400E2DDFB /* Scene.swift */; };
		338E0E4D206FF78400E2DDFB /* ViewController.swift in Sources */ = {isa = PBXBuildFile; fileRef = 338E0E4C206FF78400E2DDFB /* ViewController.swift */; };
		338E0E50206FF78400E2DDFB /* Main.storyboard in Resources */ = {isa = PBXBuildFile; fileRef = 338E0E4E206FF78400E2DDFB /* Main.storyboard */; };
		338E0E52206FF78500E2DDFB /* Assets.xcassets in Resources */ = {isa = PBXBuildFile; fileRef = 338E0E51206FF78500E2DDFB /* Assets.xcassets */; };
		338E0E55206FF78500E2DDFB /* LaunchScreen.storyboard in Resources */ = {isa = PBXBuildFile; fileRef = 338E0E53206FF78500E2DDFB /* LaunchScreen.storyboard */; };
		338E0E69206FF9A500E2DDFB /* tv.png in Resources */ = {isa = PBXBuildFile; fileRef = 338E0E5D206FF9A500E2DDFB /* tv.png */; };
		338E0E6A206FF9A500E2DDFB /* ball.png in Resources */ = {isa = PBXBuildFile; fileRef = 338E0E5E206FF9A500E2DDFB /* ball.png */; };
		338E0E6B206FF9A500E2DDFB /* explosion.sks in Resources */ = {isa = PBXBuildFile; fileRef = 338E0E5F206FF9A500E2DDFB /* explosion.sks */; };
		338E0E6C206FF9A500E2DDFB /* tv@2x.png in Resources */ = {isa = PBXBuildFile; fileRef = 338E0E60206FF9A500E2DDFB /* tv@2x.png */; };
		338E0E6D206FF9A500E2DDFB /* bigSpark.png in Resources */ = {isa = PBXBuildFile; fileRef = 338E0E61206FF9A500E2DDFB /* bigSpark.png */; };
		338E0E6E206FF9A500E2DDFB /* spark.png in Resources */ = {isa = PBXBuildFile; fileRef = 338E0E62206FF9A500E2DDFB /* spark.png */; };
		338E0E6F206FF9A500E2DDFB /* player@2x.png in Resources */ = {isa = PBXBuildFile; fileRef = 338E0E63206FF9A500E2DDFB /* player@2x.png */; };
		338E0E70206FF9A500E2DDFB /* ball@2x.png in Resources */ = {isa = PBXBuildFile; fileRef = 338E0E64206FF9A500E2DDFB /* ball@2x.png */; };
		338E0E71206FF9A500E2DDFB /* hammer.png in Resources */ = {isa = PBXBuildFile; fileRef = 338E0E65206FF9A500E2DDFB /* hammer.png */; };
		338E0E72206FF9A500E2DDFB /* player.png in Resources */ = {isa = PBXBuildFile; fileRef = 338E0E66206FF9A500E2DDFB /* player.png */; };
		338E0E73206FF9A500E2DDFB /* Starfield.sks in Resources */ = {isa = PBXBuildFile; fileRef = 338E0E67206FF9A500E2DDFB /* Starfield.sks */; };
		338E0E74206FF9A500E2DDFB /* hammer@2x.png in Resources */ = {isa = PBXBuildFile; fileRef = 338E0E68206FF9A500E2DDFB /* hammer@2x.png */; };
/* End PBXBuildFile section */

/* Begin PBXFileReference section */
		338E0E43206FF78400E2DDFB /* SpaceGameAR.app */ = {isa = PBXFileReference; explicitFileType = wrapper.application; includeInIndex = 0; path = SpaceGameAR.app; sourceTree = BUILT_PRODUCTS_DIR; };
		338E0E46206FF78400E2DDFB /* AppDelegate.swift */ = {isa = PBXFileReference; lastKnownFileType = sourcecode.swift; path = AppDelegate.swift; sourceTree = "<group>"; };
		338E0E48206FF78400E2DDFB /* Scene.sks */ = {isa = PBXFileReference; lastKnownFileType = file.sks; path = Scene.sks; sourceTree = "<group>"; };
		338E0E4A206FF78400E2DDFB /* Scene.swift */ = {isa = PBXFileReference; lastKnownFileType = sourcecode.swift; path = Scene.swift; sourceTree = "<group>"; };
		338E0E4C206FF78400E2DDFB /* ViewController.swift */ = {isa = PBXFileReference; lastKnownFileType = sourcecode.swift; path = ViewController.swift; sourceTree = "<group>"; };
		338E0E4F206FF78400E2DDFB /* Base */ = {isa = PBXFileReference; lastKnownFileType = file.storyboard; name = Base; path = Base.lproj/Main.storyboard; sourceTree = "<group>"; };
		338E0E51206FF78500E2DDFB /* Assets.xcassets */ = {isa = PBXFileReference; lastKnownFileType = folder.assetcatalog; path = Assets.xcassets; sourceTree = "<group>"; };
		338E0E54206FF78500E2DDFB /* Base */ = {isa = PBXFileReference; lastKnownFileType = file.storyboard; name = Base; path = Base.lproj/LaunchScreen.storyboard; sourceTree = "<group>"; };
		338E0E56206FF78500E2DDFB /* Info.plist */ = {isa = PBXFileReference; lastKnownFileType = text.plist.xml; path = Info.plist; sourceTree = "<group>"; };
		338E0E5D206FF9A500E2DDFB /* tv.png */ = {isa = PBXFileReference; lastKnownFileType = image.png; path = tv.png; sourceTree = "<group>"; };
		338E0E5E206FF9A500E2DDFB /* ball.png */ = {isa = PBXFileReference; lastKnownFileType = image.png; path = ball.png; sourceTree = "<group>"; };
		338E0E5F206FF9A500E2DDFB /* explosion.sks */ = {isa = PBXFileReference; lastKnownFileType = file.sks; path = explosion.sks; sourceTree = "<group>"; };
		338E0E60206FF9A500E2DDFB /* tv@2x.png */ = {isa = PBXFileReference; lastKnownFileType = image.png; path = "tv@2x.png"; sourceTree = "<group>"; };
		338E0E61206FF9A500E2DDFB /* bigSpark.png */ = {isa = PBXFileReference; lastKnownFileType = image.png; path = bigSpark.png; sourceTree = "<group>"; };
		338E0E62206FF9A500E2DDFB /* spark.png */ = {isa = PBXFileReference; lastKnownFileType = image.png; path = spark.png; sourceTree = "<group>"; };
		338E0E63206FF9A500E2DDFB /* player@2x.png */ = {isa = PBXFileReference; lastKnownFileType = image.png; path = "player@2x.png"; sourceTree = "<group>"; };
		338E0E64206FF9A500E2DDFB /* ball@2x.png */ = {isa = PBXFileReference; lastKnownFileType = image.png; path = "ball@2x.png"; sourceTree = "<group>"; };
		338E0E65206FF9A500E2DDFB /* hammer.png */ = {isa = PBXFileReference; lastKnownFileType = image.png; path = hammer.png; sourceTree = "<group>"; };
		338E0E66206FF9A500E2DDFB /* player.png */ = {isa = PBXFileReference; lastKnownFileType = image.png; path = player.png; sourceTree = "<group>"; };
		338E0E67206FF9A500E2DDFB /* Starfield.sks */ = {isa = PBXFileReference; lastKnownFileType = file.sks; path = Starfield.sks; sourceTree = "<group>"; };
		338E0E68206FF9A500E2DDFB /* hammer@2x.png */ = {isa = PBXFileReference; lastKnownFileType = image.png; path = "hammer@2x.png"; sourceTree = "<group>"; };
/* End PBXFileReference section */

/* Begin PBXFrameworksBuildPhase section */
		338E0E40206FF78400E2DDFB /* Frameworks */ = {
			isa = PBXFrameworksBuildPhase;
			buildActionMask = 2147483647;
			files = (
			);
			runOnlyForDeploymentPostprocessing = 0;
		};
/* End PBXFrameworksBuildPhase section */

/* Begin PBXGroup section */
		338E0E3A206FF78400E2DDFB = {
			isa = PBXGroup;
			children = (
				338E0E45206FF78400E2DDFB /* SpaceGameAR */,
				338E0E44206FF78400E2DDFB /* Products */,
			);
			sourceTree = "<group>";
		};
		338E0E44206FF78400E2DDFB /* Products */ = {
			isa = PBXGroup;
			children = (
				338E0E43206FF78400E2DDFB /* SpaceGameAR.app */,
			);
			name = Products;
			sourceTree = "<group>";
		};
		338E0E45206FF78400E2DDFB /* SpaceGameAR */ = {
			isa = PBXGroup;
			children = (
				338E0E46206FF78400E2DDFB /* AppDelegate.swift */,
				338E0E48206FF78400E2DDFB /* Scene.sks */,
				338E0E4A206FF78400E2DDFB /* Scene.swift */,
				338E0E4C206FF78400E2DDFB /* ViewController.swift */,
				338E0E4E206FF78400E2DDFB /* Main.storyboard */,
				338E0E5C206FF9A400E2DDFB /* Content */,
				338E0E51206FF78500E2DDFB /* Assets.xcassets */,
				338E0E53206FF78500E2DDFB /* LaunchScreen.storyboard */,
				338E0E56206FF78500E2DDFB /* Info.plist */,
			);
			path = SpaceGameAR;
			sourceTree = "<group>";
		};
		338E0E5C206FF9A400E2DDFB /* Content */ = {
			isa = PBXGroup;
			children = (
				338E0E5D206FF9A500E2DDFB /* tv.png */,
				338E0E5E206FF9A500E2DDFB /* ball.png */,
				338E0E5F206FF9A500E2DDFB /* explosion.sks */,
				338E0E60206FF9A500E2DDFB /* tv@2x.png */,
				338E0E61206FF9A500E2DDFB /* bigSpark.png */,
				338E0E62206FF9A500E2DDFB /* spark.png */,
				338E0E63206FF9A500E2DDFB /* player@2x.png */,
				338E0E64206FF9A500E2DDFB /* ball@2x.png */,
				338E0E65206FF9A500E2DDFB /* hammer.png */,
				338E0E66206FF9A500E2DDFB /* player.png */,
				338E0E67206FF9A500E2DDFB /* Starfield.sks */,
				338E0E68206FF9A500E2DDFB /* hammer@2x.png */,
			);
			path = Content;
			sourceTree = "<group>";
		};
/* End PBXGroup section */

/* Begin PBXNativeTarget section */
		338E0E42206FF78400E2DDFB /* SpaceGameAR */ = {
			isa = PBXNativeTarget;
			buildConfigurationList = 338E0E59206FF78500E2DDFB /* Build configuration list for PBXNativeTarget "SpaceGameAR" */;
			buildPhases = (
				338E0E3F206FF78400E2DDFB /* Sources */,
				338E0E40206FF78400E2DDFB /* Frameworks */,
				338E0E41206FF78400E2DDFB /* Resources */,
			);
			buildRules = (
			);
			dependencies = (
			);
			name = SpaceGameAR;
			productName = SpaceGameAR;
			productReference = 338E0E43206FF78400E2DDFB /* SpaceGameAR.app */;
			productType = "com.apple.product-type.application";
		};
/* End PBXNativeTarget section */

/* Begin PBXProject section */
		338E0E3B206FF78400E2DDFB /* Project object */ = {
			isa = PBXProject;
			attributes = {
				LastSwiftUpdateCheck = 0930;
				LastUpgradeCheck = 0930;
				ORGANIZATIONNAME = iOSFoundation;
				TargetAttributes = {
					338E0E42206FF78400E2DDFB = {
						CreatedOnToolsVersion = 9.3;
					};
				};
			};
			buildConfigurationList = 338E0E3E206FF78400E2DDFB /* Build configuration list for PBXProject "SpaceGameAR" */;
			compatibilityVersion = "Xcode 9.3";
			developmentRegion = en;
			hasScannedForEncodings = 0;
			knownRegions = (
				en,
				Base,
			);
			mainGroup = 338E0E3A206FF78400E2DDFB;
			productRefGroup = 338E0E44206FF78400E2DDFB /* Products */;
			projectDirPath = "";
			projectRoot = "";
			targets = (
				338E0E42206FF78400E2DDFB /* SpaceGameAR */,
			);
		};
/* End PBXProject section */

/* Begin PBXResourcesBuildPhase section */
		338E0E41206FF78400E2DDFB /* Resources */ = {
			isa = PBXResourcesBuildPhase;
			buildActionMask = 2147483647;
			files = (
				338E0E72206FF9A500E2DDFB /* player.png in Resources */,
				338E0E6F206FF9A500E2DDFB /* player@2x.png in Resources */,
				338E0E6C206FF9A500E2DDFB /* tv@2x.png in Resources */,
				338E0E71206FF9A500E2DDFB /* hammer.png in Resources */,
				338E0E74206FF9A500E2DDFB /* hammer@2x.png in Resources */,
				338E0E69206FF9A500E2DDFB /* tv.png in Resources */,
				338E0E49206FF78400E2DDFB /* Scene.sks in Resources */,
				338E0E6A206FF9A500E2DDFB /* ball.png in Resources */,
				338E0E55206FF78500E2DDFB /* LaunchScreen.storyboard in Resources */,
				338E0E6E206FF9A500E2DDFB /* spark.png in Resources */,
				338E0E70206FF9A500E2DDFB /* ball@2x.png in Resources */,
				338E0E6B206FF9A500E2DDFB /* explosion.sks in Resources */,
				338E0E52206FF78500E2DDFB /* Assets.xcassets in Resources */,
				338E0E73206FF9A500E2DDFB /* Starfield.sks in Resources */,
				338E0E50206FF78400E2DDFB /* Main.storyboard in Resources */,
				338E0E6D206FF9A500E2DDFB /* bigSpark.png in Resources */,
			);
			runOnlyForDeploymentPostprocessing = 0;
		};
/* End PBXResourcesBuildPhase section */

/* Begin PBXSourcesBuildPhase section */
		338E0E3F206FF78400E2DDFB /* Sources */ = {
			isa = PBXSourcesBuildPhase;
			buildActionMask = 2147483647;
			files = (
				338E0E4D206FF78400E2DDFB /* ViewController.swift in Sources */,
				338E0E4B206FF78400E2DDFB /* Scene.swift in Sources */,
				338E0E47206FF78400E2DDFB /* AppDelegate.swift in Sources */,
			);
			runOnlyForDeploymentPostprocessing = 0;
		};
/* End PBXSourcesBuildPhase section */

/* Begin PBXVariantGroup section */
		338E0E4E206FF78400E2DDFB /* Main.storyboard */ = {
			isa = PBXVariantGroup;
			children = (
				338E0E4F206FF78400E2DDFB /* Base */,
			);
			name = Main.storyboard;
			sourceTree = "<group>";
		};
		338E0E53206FF78500E2DDFB /* LaunchScreen.storyboard */ = {
			isa = PBXVariantGroup;
			children = (
				338E0E54206FF78500E2DDFB /* Base */,
			);
			name = LaunchScreen.storyboard;
			sourceTree = "<group>";
		};
/* End PBXVariantGroup section */

/* Begin XCBuildConfiguration section */
		338E0E57206FF78500E2DDFB /* Debug */ = {
			isa = XCBuildConfiguration;
			buildSettings = {
				ALWAYS_SEARCH_USER_PATHS = NO;
				CLANG_ANALYZER_NONNULL = YES;
				CLANG_ANALYZER_NUMBER_OBJECT_CONVERSION = YES_AGGRESSIVE;
				CLANG_CXX_LANGUAGE_STANDARD = "gnu++14";
				CLANG_CXX_LIBRARY = "libc++";
				CLANG_ENABLE_MODULES = YES;
				CLANG_ENABLE_OBJC_ARC = YES;
				CLANG_ENABLE_OBJC_WEAK = YES;
				CLANG_WARN_BLOCK_CAPTURE_AUTORELEASING = YES;
				CLANG_WARN_BOOL_CONVERSION = YES;
				CLANG_WARN_COMMA = YES;
				CLANG_WARN_CONSTANT_CONVERSION = YES;
				CLANG_WARN_DEPRECATED_OBJC_IMPLEMENTATIONS = YES;
				CLANG_WARN_DIRECT_OBJC_ISA_USAGE = YES_ERROR;
				CLANG_WARN_DOCUMENTATION_COMMENTS = YES;
				CLANG_WARN_EMPTY_BODY = YES;
				CLANG_WARN_ENUM_CONVERSION = YES;
				CLANG_WARN_INFINITE_RECURSION = YES;
				CLANG_WARN_INT_CONVERSION = YES;
				CLANG_WARN_NON_LITERAL_NULL_CONVERSION = YES;
				CLANG_WARN_OBJC_IMPLICIT_RETAIN_SELF = YES;
				CLANG_WARN_OBJC_LITERAL_CONVERSION = YES;
				CLANG_WARN_OBJC_ROOT_CLASS = YES_ERROR;
				CLANG_WARN_RANGE_LOOP_ANALYSIS = YES;
				CLANG_WARN_STRICT_PROTOTYPES = YES;
				CLANG_WARN_SUSPICIOUS_MOVE = YES;
				CLANG_WARN_UNGUARDED_AVAILABILITY = YES_AGGRESSIVE;
				CLANG_WARN_UNREACHABLE_CODE = YES;
				CLANG_WARN__DUPLICATE_METHOD_MATCH = YES;
				CODE_SIGN_IDENTITY = "iPhone Developer";
				COPY_PHASE_STRIP = NO;
				DEBUG_INFORMATION_FORMAT = dwarf;
				ENABLE_STRICT_OBJC_MSGSEND = YES;
				ENABLE_TESTABILITY = YES;
				GCC_C_LANGUAGE_STANDARD = gnu11;
				GCC_DYNAMIC_NO_PIC = NO;
				GCC_NO_COMMON_BLOCKS = YES;
				GCC_OPTIMIZATION_LEVEL = 0;
				GCC_PREPROCESSOR_DEFINITIONS = (
					"DEBUG=1",
					"$(inherited)",
				);
				GCC_WARN_64_TO_32_BIT_CONVERSION = YES;
				GCC_WARN_ABOUT_RETURN_TYPE = YES_ERROR;
				GCC_WARN_UNDECLARED_SELECTOR = YES;
				GCC_WARN_UNINITIALIZED_AUTOS = YES_AGGRESSIVE;
				GCC_WARN_UNUSED_FUNCTION = YES;
				GCC_WARN_UNUSED_VARIABLE = YES;
				IPHONEOS_DEPLOYMENT_TARGET = 11.3;
				MTL_ENABLE_DEBUG_INFO = YES;
				ONLY_ACTIVE_ARCH = YES;
				SDKROOT = iphoneos;
				SWIFT_ACTIVE_COMPILATION_CONDITIONS = DEBUG;
				SWIFT_OPTIMIZATION_LEVEL = "-Onone";
			};
			name = Debug;
		};
		338E0E58206FF78500E2DDFB /* Release */ = {
			isa = XCBuildConfiguration;
			buildSettings = {
				ALWAYS_SEARCH_USER_PATHS = NO;
				CLANG_ANALYZER_NONNULL = YES;
				CLANG_ANALYZER_NUMBER_OBJECT_CONVERSION = YES_AGGRESSIVE;
				CLANG_CXX_LANGUAGE_STANDARD = "gnu++14";
				CLANG_CXX_LIBRARY = "libc++";
				CLANG_ENABLE_MODULES = YES;
				CLANG_ENABLE_OBJC_ARC = YES;
				CLANG_ENABLE_OBJC_WEAK = YES;
				CLANG_WARN_BLOCK_CAPTURE_AUTORELEASING = YES;
				CLANG_WARN_BOOL_CONVERSION = YES;
				CLANG_WARN_COMMA = YES;
				CLANG_WARN_CONSTANT_CONVERSION = YES;
				CLANG_WARN_DEPRECATED_OBJC_IMPLEMENTATIONS = YES;
				CLANG_WARN_DIRECT_OBJC_ISA_USAGE = YES_ERROR;
				CLANG_WARN_DOCUMENTATION_COMMENTS = YES;
				CLANG_WARN_EMPTY_BODY = YES;
				CLANG_WARN_ENUM_CONVERSION = YES;
				CLANG_WARN_INFINITE_RECURSION = YES;
				CLANG_WARN_INT_CONVERSION = YES;
				CLANG_WARN_NON_LITERAL_NULL_CONVERSION = YES;
				CLANG_WARN_OBJC_IMPLICIT_RETAIN_SELF = YES;
				CLANG_WARN_OBJC_LITERAL_CONVERSION = YES;
				CLANG_WARN_OBJC_ROOT_CLASS = YES_ERROR;
				CLANG_WARN_RANGE_LOOP_ANALYSIS = YES;
				CLANG_WARN_STRICT_PROTOTYPES = YES;
				CLANG_WARN_SUSPICIOUS_MOVE = YES;
				CLANG_WARN_UNGUARDED_AVAILABILITY = YES_AGGRESSIVE;
				CLANG_WARN_UNREACHABLE_CODE = YES;
				CLANG_WARN__DUPLICATE_METHOD_MATCH = YES;
				CODE_SIGN_IDENTITY = "iPhone Developer";
				COPY_PHASE_STRIP = NO;
				DEBUG_INFORMATION_FORMAT = "dwarf-with-dsym";
				ENABLE_NS_ASSERTIONS = NO;
				ENABLE_STRICT_OBJC_MSGSEND = YES;
				GCC_C_LANGUAGE_STANDARD = gnu11;
				GCC_NO_COMMON_BLOCKS = YES;
				GCC_WARN_64_TO_32_BIT_CONVERSION = YES;
				GCC_WARN_ABOUT_RETURN_TYPE = YES_ERROR;
				GCC_WARN_UNDECLARED_SELECTOR = YES;
				GCC_WARN_UNINITIALIZED_AUTOS = YES_AGGRESSIVE;
				GCC_WARN_UNUSED_FUNCTION = YES;
				GCC_WARN_UNUSED_VARIABLE = YES;
				IPHONEOS_DEPLOYMENT_TARGET = 11.3;
				MTL_ENABLE_DEBUG_INFO = NO;
				SDKROOT = iphoneos;
				SWIFT_COMPILATION_MODE = wholemodule;
				SWIFT_OPTIMIZATION_LEVEL = "-O";
				VALIDATE_PRODUCT = YES;
			};
			name = Release;
		};
		338E0E5A206FF78500E2DDFB /* Debug */ = {
			isa = XCBuildConfiguration;
			buildSettings = {
				ASSETCATALOG_COMPILER_APPICON_NAME = AppIcon;
				CODE_SIGN_STYLE = Automatic;
				DEVELOPMENT_TEAM = 93JF9LS6ZY;
				INFOPLIST_FILE = SpaceGameAR/Info.plist;
				IPHONEOS_DEPLOYMENT_TARGET = 11.0;
				LD_RUNPATH_SEARCH_PATHS = (
					"$(inherited)",
					"@executable_path/Frameworks",
				);
				PRODUCT_BUNDLE_IDENTIFIER = it.parthenope.iosdeveloper.SpaceGameAR;
				PRODUCT_NAME = "$(TARGET_NAME)";
				SWIFT_VERSION = 4.0;
				TARGETED_DEVICE_FAMILY = "1,2";
			};
			name = Debug;
		};
		338E0E5B206FF78500E2DDFB /* Release */ = {
			isa = XCBuildConfiguration;
			buildSettings = {
				ASSETCATALOG_COMPILER_APPICON_NAME = AppIcon;
				CODE_SIGN_STYLE = Automatic;
				DEVELOPMENT_TEAM = 93JF9LS6ZY;
				INFOPLIST_FILE = SpaceGameAR/Info.plist;
				IPHONEOS_DEPLOYMENT_TARGET = 11.0;
				LD_RUNPATH_SEARCH_PATHS = (
					"$(inherited)",
					"@executable_path/Frameworks",
				);
				PRODUCT_BUNDLE_IDENTIFIER = it.parthenope.iosdeveloper.SpaceGameAR;
				PRODUCT_NAME = "$(TARGET_NAME)";
				SWIFT_VERSION = 4.0;
				TARGETED_DEVICE_FAMILY = "1,2";
			};
			name = Release;
		};
/* End XCBuildConfiguration section */

/* Begin XCConfigurationList section */
		338E0E3E206FF78400E2DDFB /* Build configuration list for PBXProject "SpaceGameAR" */ = {
			isa = XCConfigurationList;
			buildConfigurations = (
				338E0E57206FF78500E2DDFB /* Debug */,
				338E0E58206FF78500E2DDFB /* Release */,
			);
			defaultConfigurationIsVisible = 0;
			defaultConfigurationName = Release;
		};
		338E0E59206FF78500E2DDFB /* Build configuration list for PBXNativeTarget "SpaceGameAR" */ = {
			isa = XCConfigurationList;
			buildConfigurations = (
				338E0E5A206FF78500E2DDFB /* Debug */,
				338E0E5B206FF78500E2DDFB /* Release */,
			);
			defaultConfigurationIsVisible = 0;
			defaultConfigurationName = Release;
		};
/* End XCConfigurationList section */
	};
	rootObject = 338E0E3B206FF78400E2DDFB /* Project object */;
}
